
Microsoft Visual Studio Solution File, Format Version 12.00
# Visual Studio Version 16
VisualStudioVersion = 16.0.30804.86
MinimumVisualStudioVersion = 10.0.40219.1
Project("{FAE04EC0-301F-11D3-BF4B-00C04F79EFBC}") = "Parser", "Parser.csproj", "{1CF5BB57-7F4D-4B77-9411-895F8C19A765}"
EndProject
Global
	GlobalSection(SolutionConfigurationPlatforms) = preSolution
		Debug|Any CPU = Debug|Any CPU
		Release|Any CPU = Release|Any CPU
	EndGlobalSection
	GlobalSection(ProjectConfigurationPlatforms) = postSolution
		{1CF5BB57-7F4D-4B77-9411-895F8C19A765}.Debug|Any CPU.ActiveCfg = Debug|Any CPU
		{1CF5BB57-7F4D-4B77-9411-895F8C19A765}.Debug|Any CPU.Build.0 = Debug|Any CPU
		{1CF5BB57-7F4D-4B77-9411-895F8C19A765}.Release|Any CPU.ActiveCfg = Release|Any CPU
		{1CF5BB57-7F4D-4B77-9411-895F8C19A765}.Release|Any CPU.Build.0 = Release|Any CPU
	EndGlobalSection
	GlobalSection(SolutionProperties) = preSolution
		HideSolutionNode = FALSE
	EndGlobalSection
	GlobalSection(ExtensibilityGlobals) = postSolution
		SolutionGuid = {602B023D-123B-4184-8466-2F6FDE611E8A}
	EndGlobalSection
EndGlobal
